
Microsoft Visual Studio Solution File, Format Version 12.00
# Visual Studio Version 17
VisualStudioVersion = 17.3.32811.315
MinimumVisualStudioVersion = 10.0.40219.1
Project("{FAE04EC0-301F-11D3-BF4B-00C04F79EFBC}") = "Lab5", "Lab5\Lab5.csproj", "{87B7B7CA-B032-41F2-B5EF-AFC020E4D2BE}"
EndProject
Global
	GlobalSection(SolutionConfigurationPlatforms) = preSolution
		Debug|Any CPU = Debug|Any CPU
		Release|Any CPU = Release|Any CPU
	EndGlobalSection
	GlobalSection(ProjectConfigurationPlatforms) = postSolution
		{87B7B7CA-B032-41F2-B5EF-AFC020E4D2BE}.Debug|Any CPU.ActiveCfg = Debug|Any CPU
		{87B7B7CA-B032-41F2-B5EF-AFC020E4D2BE}.Debug|Any CPU.Build.0 = Debug|Any CPU
		{87B7B7CA-B032-41F2-B5EF-AFC020E4D2BE}.Release|Any CPU.ActiveCfg = Release|Any CPU
		{87B7B7CA-B032-41F2-B5EF-AFC020E4D2BE}.Release|Any CPU.Build.0 = Release|Any CPU
	EndGlobalSection
	GlobalSection(SolutionProperties) = preSolution
		HideSolutionNode = FALSE
	EndGlobalSection
	GlobalSection(ExtensibilityGlobals) = postSolution
		SolutionGuid = {6E9AB19F-1A31-4BDA-AC1B-373CDE9FFDA2}
	EndGlobalSection
EndGlobal
