
Microsoft Visual Studio Solution File, Format Version 12.00
# Visual Studio Version 17
VisualStudioVersion = 17.11.35219.272
MinimumVisualStudioVersion = 10.0.40219.1
Project("{FAE04EC0-301F-11D3-BF4B-00C04F79EFBC}") = "CIS200-Assignment1", "CIS200-Assignment1\CIS200-Assignment1.csproj", "{415FF6A9-55DA-423C-B3AD-8C2D04D26113}"
EndProject
Global
	GlobalSection(SolutionConfigurationPlatforms) = preSolution
		Debug|Any CPU = Debug|Any CPU
		Release|Any CPU = Release|Any CPU
	EndGlobalSection
	GlobalSection(ProjectConfigurationPlatforms) = postSolution
		{415FF6A9-55DA-423C-B3AD-8C2D04D26113}.Debug|Any CPU.ActiveCfg = Debug|Any CPU
		{415FF6A9-55DA-423C-B3AD-8C2D04D26113}.Debug|Any CPU.Build.0 = Debug|Any CPU
		{415FF6A9-55DA-423C-B3AD-8C2D04D26113}.Release|Any CPU.ActiveCfg = Release|Any CPU
		{415FF6A9-55DA-423C-B3AD-8C2D04D26113}.Release|Any CPU.Build.0 = Release|Any CPU
	EndGlobalSection
	GlobalSection(SolutionProperties) = preSolution
		HideSolutionNode = FALSE
	EndGlobalSection
	GlobalSection(ExtensibilityGlobals) = postSolution
		SolutionGuid = {B435B9C1-2AAD-437D-8326-78F2D0CA17B7}
	EndGlobalSection
EndGlobal
