
Microsoft Visual Studio Solution File, Format Version 12.00
# Visual Studio Version 17
VisualStudioVersion = 17.3.32811.315
MinimumVisualStudioVersion = 10.0.40219.1
Project("{FAE04EC0-301F-11D3-BF4B-00C04F79EFBC}") = "Lab2", "Lab2\Lab2.csproj", "{FB9A0E6D-18D0-4B7C-B478-7D51FA836B7D}"
EndProject
Global
	GlobalSection(SolutionConfigurationPlatforms) = preSolution
		Debug|Any CPU = Debug|Any CPU
		Release|Any CPU = Release|Any CPU
	EndGlobalSection
	GlobalSection(ProjectConfigurationPlatforms) = postSolution
		{FB9A0E6D-18D0-4B7C-B478-7D51FA836B7D}.Debug|Any CPU.ActiveCfg = Debug|Any CPU
		{FB9A0E6D-18D0-4B7C-B478-7D51FA836B7D}.Debug|Any CPU.Build.0 = Debug|Any CPU
		{FB9A0E6D-18D0-4B7C-B478-7D51FA836B7D}.Release|Any CPU.ActiveCfg = Release|Any CPU
		{FB9A0E6D-18D0-4B7C-B478-7D51FA836B7D}.Release|Any CPU.Build.0 = Release|Any CPU
	EndGlobalSection
	GlobalSection(SolutionProperties) = preSolution
		HideSolutionNode = FALSE
	EndGlobalSection
	GlobalSection(ExtensibilityGlobals) = postSolution
		SolutionGuid = {1BFB366E-7C90-4B59-B946-1C4AA9B830B5}
	EndGlobalSection
EndGlobal
