
Microsoft Visual Studio Solution File, Format Version 12.00
# Visual Studio Version 17
VisualStudioVersion = 17.3.32811.315
MinimumVisualStudioVersion = 10.0.40219.1
Project("{FAE04EC0-301F-11D3-BF4B-00C04F79EFBC}") = "Lab1", "Lab1\Lab1.csproj", "{ADA5929D-2A27-4A14-8B50-641947218EBF}"
EndProject
Global
	GlobalSection(SolutionConfigurationPlatforms) = preSolution
		Debug|Any CPU = Debug|Any CPU
		Release|Any CPU = Release|Any CPU
	EndGlobalSection
	GlobalSection(ProjectConfigurationPlatforms) = postSolution
		{ADA5929D-2A27-4A14-8B50-641947218EBF}.Debug|Any CPU.ActiveCfg = Debug|Any CPU
		{ADA5929D-2A27-4A14-8B50-641947218EBF}.Debug|Any CPU.Build.0 = Debug|Any CPU
		{ADA5929D-2A27-4A14-8B50-641947218EBF}.Release|Any CPU.ActiveCfg = Release|Any CPU
		{ADA5929D-2A27-4A14-8B50-641947218EBF}.Release|Any CPU.Build.0 = Release|Any CPU
	EndGlobalSection
	GlobalSection(SolutionProperties) = preSolution
		HideSolutionNode = FALSE
	EndGlobalSection
	GlobalSection(ExtensibilityGlobals) = postSolution
		SolutionGuid = {55577231-A68A-49A8-9CCC-BBA1D5A248FB}
	EndGlobalSection
EndGlobal
