
Microsoft Visual Studio Solution File, Format Version 12.00
# Visual Studio Version 17
VisualStudioVersion = 17.3.32825.248
MinimumVisualStudioVersion = 10.0.40219.1
Project("{FAE04EC0-301F-11D3-BF4B-00C04F79EFBC}") = "Television", "Television\Television.csproj", "{333D5744-7BED-4EFD-94F2-ECE97D289231}"
EndProject
Global
	GlobalSection(SolutionConfigurationPlatforms) = preSolution
		Debug|Any CPU = Debug|Any CPU
		Release|Any CPU = Release|Any CPU
	EndGlobalSection
	GlobalSection(ProjectConfigurationPlatforms) = postSolution
		{333D5744-7BED-4EFD-94F2-ECE97D289231}.Debug|Any CPU.ActiveCfg = Debug|Any CPU
		{333D5744-7BED-4EFD-94F2-ECE97D289231}.Debug|Any CPU.Build.0 = Debug|Any CPU
		{333D5744-7BED-4EFD-94F2-ECE97D289231}.Release|Any CPU.ActiveCfg = Release|Any CPU
		{333D5744-7BED-4EFD-94F2-ECE97D289231}.Release|Any CPU.Build.0 = Release|Any CPU
	EndGlobalSection
	GlobalSection(SolutionProperties) = preSolution
		HideSolutionNode = FALSE
	EndGlobalSection
	GlobalSection(ExtensibilityGlobals) = postSolution
		SolutionGuid = {2E0E53CE-B30D-47DA-927F-9B94C8D4D73B}
	EndGlobalSection
EndGlobal
